
Microsoft Visual Studio Solution File, Format Version 12.00
# Visual Studio Version 17
VisualStudioVersion = 17.10.35122.118
MinimumVisualStudioVersion = 10.0.40219.1
Project("{9A19103F-16F7-4668-BE54-9A1E7A4F7556}") = "GuardCop.Analyzers", "src\GuardCop.Analyzers\GuardCop.Analyzers.csproj", "{B9DF706F-AB73-48D8-A9CE-0BF813ED9D8B}"
EndProject
Project("{9A19103F-16F7-4668-BE54-9A1E7A4F7556}") = "GuardCop.Analyzers.Tests", "src\GuardCop.Analyzers.Tests\GuardCop.Analyzers.Tests.csproj", "{217C9907-E851-4E6F-978F-100A705210DF}"
EndProject
Global
	GlobalSection(SolutionConfigurationPlatforms) = preSolution
		Debug|Any CPU = Debug|Any CPU
		Release|Any CPU = Release|Any CPU
	EndGlobalSection
	GlobalSection(ProjectConfigurationPlatforms) = postSolution
		{B9DF706F-AB73-48D8-A9CE-0BF813ED9D8B}.Debug|Any CPU.ActiveCfg = Debug|Any CPU
		{B9DF706F-AB73-48D8-A9CE-0BF813ED9D8B}.Debug|Any CPU.Build.0 = Debug|Any CPU
		{B9DF706F-AB73-48D8-A9CE-0BF813ED9D8B}.Release|Any CPU.ActiveCfg = Release|Any CPU
		{B9DF706F-AB73-48D8-A9CE-0BF813ED9D8B}.Release|Any CPU.Build.0 = Release|Any CPU
		{217C9907-E851-4E6F-978F-100A705210DF}.Debug|Any CPU.ActiveCfg = Debug|Any CPU
		{217C9907-E851-4E6F-978F-100A705210DF}.Debug|Any CPU.Build.0 = Debug|Any CPU
		{217C9907-E851-4E6F-978F-100A705210DF}.Release|Any CPU.ActiveCfg = Release|Any CPU
		{217C9907-E851-4E6F-978F-100A705210DF}.Release|Any CPU.Build.0 = Release|Any CPU
	EndGlobalSection
	GlobalSection(SolutionProperties) = preSolution
		HideSolutionNode = FALSE
	EndGlobalSection
	GlobalSection(ExtensibilityGlobals) = postSolution
		SolutionGuid = {9FEEADE7-EEDC-4216-BAFE-1A03B520E05B}
	EndGlobalSection
EndGlobal
